
Microsoft Visual Studio Solution File, Format Version 12.00
# Visual Studio Version 17
VisualStudioVersion = 17.8.34316.72
MinimumVisualStudioVersion = 10.0.40219.1
Project("{FAE04EC0-301F-11D3-BF4B-00C04F79EFBC}") = "Reminder_Shared", "Reminder_Shared\Reminder_Shared.csproj", "{529EA608-03BE-48D7-A4CB-17E40A19676C}"
EndProject
Project("{FAE04EC0-301F-11D3-BF4B-00C04F79EFBC}") = "Reminder_ConsoleApp", "Reminder_ConsoleApp\Reminder_ConsoleApp.csproj", "{5E02256F-13A9-43D9-8876-A197D2AE0D74}"
EndProject
Global
	GlobalSection(SolutionConfigurationPlatforms) = preSolution
		Debug|Any CPU = Debug|Any CPU
		Release|Any CPU = Release|Any CPU
	EndGlobalSection
	GlobalSection(ProjectConfigurationPlatforms) = postSolution
		{529EA608-03BE-48D7-A4CB-17E40A19676C}.Debug|Any CPU.ActiveCfg = Debug|Any CPU
		{529EA608-03BE-48D7-A4CB-17E40A19676C}.Debug|Any CPU.Build.0 = Debug|Any CPU
		{529EA608-03BE-48D7-A4CB-17E40A19676C}.Release|Any CPU.ActiveCfg = Release|Any CPU
		{529EA608-03BE-48D7-A4CB-17E40A19676C}.Release|Any CPU.Build.0 = Release|Any CPU
		{5E02256F-13A9-43D9-8876-A197D2AE0D74}.Debug|Any CPU.ActiveCfg = Debug|Any CPU
		{5E02256F-13A9-43D9-8876-A197D2AE0D74}.Debug|Any CPU.Build.0 = Debug|Any CPU
		{5E02256F-13A9-43D9-8876-A197D2AE0D74}.Release|Any CPU.ActiveCfg = Release|Any CPU
		{5E02256F-13A9-43D9-8876-A197D2AE0D74}.Release|Any CPU.Build.0 = Release|Any CPU
	EndGlobalSection
	GlobalSection(SolutionProperties) = preSolution
		HideSolutionNode = FALSE
	EndGlobalSection
	GlobalSection(ExtensibilityGlobals) = postSolution
		SolutionGuid = {338FB14C-F196-42E2-909A-A7461A1F4DF4}
	EndGlobalSection
EndGlobal
